# THIS IS AN AUTOGENERATED FILE. DO NOT EDIT THIS FILE DIRECTLY.
# yarn lockfile v1


nouislider@^14.1.1:
  version "14.1.1"
  resolved "https://registry.yarnpkg.com/nouislider/-/nouislider-14.1.1.tgz#def812b2aaaa2ccf9e7a41dd0144a25dab5673e5"
  integrity sha512-3/+Z/pTBoWoJf2YXSEWRmS27LW2XxOBmGEzkPyRzB/J6QvL+0mS3QwcQp0SmWhgO5CMzbSxPmb1lDDD4HP12bg==
